
Microsoft Visual Studio Solution File, Format Version 12.00
# Visual Studio Version 17
VisualStudioVersion = 17.1.32228.430
MinimumVisualStudioVersion = 10.0.40219.1
Project("{8BC9CEB8-8B4A-11D0-8D11-00A0C91BC942}") = "pract", "pract\pract.vcxproj", "{F6AC10F4-BEB8-41C6-B69D-2797840119CE}"
EndProject
Global
	GlobalSection(SolutionConfigurationPlatforms) = preSolution
		Debug|x64 = Debug|x64
		Debug|x86 = Debug|x86
		Release|x64 = Release|x64
		Release|x86 = Release|x86
	EndGlobalSection
	GlobalSection(ProjectConfigurationPlatforms) = postSolution
		{F6AC10F4-BEB8-41C6-B69D-2797840119CE}.Debug|x64.ActiveCfg = Debug|x64
		{F6AC10F4-BEB8-41C6-B69D-2797840119CE}.Debug|x64.Build.0 = Debug|x64
		{F6AC10F4-BEB8-41C6-B69D-2797840119CE}.Debug|x86.ActiveCfg = Debug|Win32
		{F6AC10F4-BEB8-41C6-B69D-2797840119CE}.Debug|x86.Build.0 = Debug|Win32
		{F6AC10F4-BEB8-41C6-B69D-2797840119CE}.Release|x64.ActiveCfg = Release|x64
		{F6AC10F4-BEB8-41C6-B69D-2797840119CE}.Release|x64.Build.0 = Release|x64
		{F6AC10F4-BEB8-41C6-B69D-2797840119CE}.Release|x86.ActiveCfg = Release|Win32
		{F6AC10F4-BEB8-41C6-B69D-2797840119CE}.Release|x86.Build.0 = Release|Win32
	EndGlobalSection
	GlobalSection(SolutionProperties) = preSolution
		HideSolutionNode = FALSE
	EndGlobalSection
	GlobalSection(ExtensibilityGlobals) = postSolution
		SolutionGuid = {675402B2-9581-4504-9E53-0C2F6E81B117}
	EndGlobalSection
EndGlobal
